
Microsoft Visual Studio Solution File, Format Version 12.00
# Visual Studio 2012
Project("{FAE04EC0-301F-11D3-BF4B-00C04F79EFBC}") = "Traffic", "Traffic\Traffic.csproj", "{5CE8029E-4934-4169-899F-A3C2EEB8499D}"
EndProject
Global
	GlobalSection(SolutionConfigurationPlatforms) = preSolution
		Debug|Any CPU = Debug|Any CPU
		Release|Any CPU = Release|Any CPU
	EndGlobalSection
	GlobalSection(ProjectConfigurationPlatforms) = postSolution
		{5CE8029E-4934-4169-899F-A3C2EEB8499D}.Debug|Any CPU.ActiveCfg = Debug|Any CPU
		{5CE8029E-4934-4169-899F-A3C2EEB8499D}.Debug|Any CPU.Build.0 = Debug|Any CPU
		{5CE8029E-4934-4169-899F-A3C2EEB8499D}.Release|Any CPU.ActiveCfg = Release|Any CPU
		{5CE8029E-4934-4169-899F-A3C2EEB8499D}.Release|Any CPU.Build.0 = Release|Any CPU
	EndGlobalSection
	GlobalSection(SolutionProperties) = preSolution
		HideSolutionNode = FALSE
	EndGlobalSection
EndGlobal
